
Microsoft Visual Studio Solution File, Format Version 12.00
# Visual Studio 16
Project("{FAE04EC0-301F-11D3-BF4B-00C04F79EFBC}") = "SteamVR", "SteamVR.csproj", "{CB529D0C-B31E-B3B1-26D8-289CC75A7CEF}"
EndProject
Project("{FAE04EC0-301F-11D3-BF4B-00C04F79EFBC}") = "SteamVR_Actions", "SteamVR_Actions.csproj", "{B6CF280A-7205-9553-E17D-A359CAB80235}"
EndProject
Project("{FAE04EC0-301F-11D3-BF4B-00C04F79EFBC}") = "Assembly-CSharp", "Assembly-CSharp.csproj", "{3D00A0CB-0BD1-5B33-77DA-17A5FEDB13D2}"
EndProject
Project("{FAE04EC0-301F-11D3-BF4B-00C04F79EFBC}") = "SteamVR_Editor", "SteamVR_Editor.csproj", "{D39886FC-71F6-9810-6C35-A309A2D81BE7}"
EndProject
Project("{FAE04EC0-301F-11D3-BF4B-00C04F79EFBC}") = "SteamVR_Input_Editor", "SteamVR_Input_Editor.csproj", "{9C6F64E0-B9F7-0BFE-BFFB-F1E80876CF16}"
EndProject
Project("{FAE04EC0-301F-11D3-BF4B-00C04F79EFBC}") = "Assembly-CSharp-Editor", "Assembly-CSharp-Editor.csproj", "{8A32C745-86E7-8A83-4CAA-D18E6C5432C5}"
EndProject
Project("{FAE04EC0-301F-11D3-BF4B-00C04F79EFBC}") = "SteamVR_Windows_EditorHelper", "SteamVR_Windows_EditorHelper.csproj", "{E6C02812-58E1-3AC6-8F63-802A99686260}"
EndProject
Global
	GlobalSection(SolutionConfigurationPlatforms) = preSolution
		Debug|Any CPU = Debug|Any CPU
		Release|Any CPU = Release|Any CPU
	EndGlobalSection
	GlobalSection(ProjectConfigurationPlatforms) = postSolution
		{CB529D0C-B31E-B3B1-26D8-289CC75A7CEF}.Debug|Any CPU.ActiveCfg = Debug|Any CPU
		{CB529D0C-B31E-B3B1-26D8-289CC75A7CEF}.Debug|Any CPU.Build.0 = Debug|Any CPU
		{CB529D0C-B31E-B3B1-26D8-289CC75A7CEF}.Release|Any CPU.ActiveCfg = Release|Any CPU
		{CB529D0C-B31E-B3B1-26D8-289CC75A7CEF}.Release|Any CPU.Build.0 = Release|Any CPU
		{B6CF280A-7205-9553-E17D-A359CAB80235}.Debug|Any CPU.ActiveCfg = Debug|Any CPU
		{B6CF280A-7205-9553-E17D-A359CAB80235}.Debug|Any CPU.Build.0 = Debug|Any CPU
		{B6CF280A-7205-9553-E17D-A359CAB80235}.Release|Any CPU.ActiveCfg = Release|Any CPU
		{B6CF280A-7205-9553-E17D-A359CAB80235}.Release|Any CPU.Build.0 = Release|Any CPU
		{3D00A0CB-0BD1-5B33-77DA-17A5FEDB13D2}.Debug|Any CPU.ActiveCfg = Debug|Any CPU
		{3D00A0CB-0BD1-5B33-77DA-17A5FEDB13D2}.Debug|Any CPU.Build.0 = Debug|Any CPU
		{3D00A0CB-0BD1-5B33-77DA-17A5FEDB13D2}.Release|Any CPU.ActiveCfg = Release|Any CPU
		{3D00A0CB-0BD1-5B33-77DA-17A5FEDB13D2}.Release|Any CPU.Build.0 = Release|Any CPU
		{D39886FC-71F6-9810-6C35-A309A2D81BE7}.Debug|Any CPU.ActiveCfg = Debug|Any CPU
		{D39886FC-71F6-9810-6C35-A309A2D81BE7}.Debug|Any CPU.Build.0 = Debug|Any CPU
		{D39886FC-71F6-9810-6C35-A309A2D81BE7}.Release|Any CPU.ActiveCfg = Release|Any CPU
		{D39886FC-71F6-9810-6C35-A309A2D81BE7}.Release|Any CPU.Build.0 = Release|Any CPU
		{9C6F64E0-B9F7-0BFE-BFFB-F1E80876CF16}.Debug|Any CPU.ActiveCfg = Debug|Any CPU
		{9C6F64E0-B9F7-0BFE-BFFB-F1E80876CF16}.Debug|Any CPU.Build.0 = Debug|Any CPU
		{9C6F64E0-B9F7-0BFE-BFFB-F1E80876CF16}.Release|Any CPU.ActiveCfg = Release|Any CPU
		{9C6F64E0-B9F7-0BFE-BFFB-F1E80876CF16}.Release|Any CPU.Build.0 = Release|Any CPU
		{8A32C745-86E7-8A83-4CAA-D18E6C5432C5}.Debug|Any CPU.ActiveCfg = Debug|Any CPU
		{8A32C745-86E7-8A83-4CAA-D18E6C5432C5}.Debug|Any CPU.Build.0 = Debug|Any CPU
		{8A32C745-86E7-8A83-4CAA-D18E6C5432C5}.Release|Any CPU.ActiveCfg = Release|Any CPU
		{8A32C745-86E7-8A83-4CAA-D18E6C5432C5}.Release|Any CPU.Build.0 = Release|Any CPU
		{E6C02812-58E1-3AC6-8F63-802A99686260}.Debug|Any CPU.ActiveCfg = Debug|Any CPU
		{E6C02812-58E1-3AC6-8F63-802A99686260}.Debug|Any CPU.Build.0 = Debug|Any CPU
		{E6C02812-58E1-3AC6-8F63-802A99686260}.Release|Any CPU.ActiveCfg = Release|Any CPU
		{E6C02812-58E1-3AC6-8F63-802A99686260}.Release|Any CPU.Build.0 = Release|Any CPU
	EndGlobalSection
	GlobalSection(SolutionProperties) = preSolution
		HideSolutionNode = FALSE
	EndGlobalSection
EndGlobal
